
Microsoft Visual Studio Solution File, Format Version 12.00
# Visual Studio Version 16
VisualStudioVersion = 16.0.30011.22
MinimumVisualStudioVersion = 10.0.40219.1
Project("{FAE04EC0-301F-11D3-BF4B-00C04F79EFBC}") = "AspNetCoreDemo", "AspNetCoreDemo\AspNetCoreDemo.csproj", "{FFEB0F57-8DC6-4FAD-84F7-35D3C94DB592}"
EndProject
Global
	GlobalSection(SolutionConfigurationPlatforms) = preSolution
		Debug|Any CPU = Debug|Any CPU
		Release|Any CPU = Release|Any CPU
	EndGlobalSection
	GlobalSection(ProjectConfigurationPlatforms) = postSolution
		{FFEB0F57-8DC6-4FAD-84F7-35D3C94DB592}.Debug|Any CPU.ActiveCfg = Debug|Any CPU
		{FFEB0F57-8DC6-4FAD-84F7-35D3C94DB592}.Debug|Any CPU.Build.0 = Debug|Any CPU
		{FFEB0F57-8DC6-4FAD-84F7-35D3C94DB592}.Release|Any CPU.ActiveCfg = Release|Any CPU
		{FFEB0F57-8DC6-4FAD-84F7-35D3C94DB592}.Release|Any CPU.Build.0 = Release|Any CPU
	EndGlobalSection
	GlobalSection(SolutionProperties) = preSolution
		HideSolutionNode = FALSE
	EndGlobalSection
	GlobalSection(ExtensibilityGlobals) = postSolution
		SolutionGuid = {09C6FA81-DAF6-40EC-B0FD-2A873B0680F9}
	EndGlobalSection
EndGlobal
